
Microsoft Visual Studio Solution File, Format Version 12.00
# Visual Studio Version 16
VisualStudioVersion = 16.0.810.9
MinimumVisualStudioVersion = 10.0.40219.1
Project("{FAE04EC0-301F-11D3-BF4B-00C04F79EFBC}") = "Aiko.GestEquipamento.Domain", "src\Aiko.GestEquipamento.Domain\Aiko.GestEquipamento.Domain.csproj", "{6B4DE4EB-9315-462C-864D-D3373F8DD0EF}"
EndProject
Project("{FAE04EC0-301F-11D3-BF4B-00C04F79EFBC}") = "Aiko.GestEquipamento.Application", "src\Aiko.GestEquipamento.Application\Aiko.GestEquipamento.Application.csproj", "{C256231C-2ED5-4E16-AD7F-437859AAE924}"
EndProject
Project("{FAE04EC0-301F-11D3-BF4B-00C04F79EFBC}") = "Aiko.GestEquipamento.Infra.Data", "src\Aiko.GestEquipamento.Infra.Data\Aiko.GestEquipamento.Infra.Data.csproj", "{CF442EC2-2F21-4103-910D-D5EECBE23CD4}"
EndProject
Project("{FAE04EC0-301F-11D3-BF4B-00C04F79EFBC}") = "Aiko.GestEquipamento.Infra.IoC", "src\Aiko.GestEquipamento.Infra.IoC\Aiko.GestEquipamento.Infra.IoC.csproj", "{022AA3AC-3E48-44F7-90C0-B8BAFF3C9A8F}"
EndProject
Project("{FAE04EC0-301F-11D3-BF4B-00C04F79EFBC}") = "Aiko.GestEquipamento.PresentationRazor", "src\Aiko.GestEquipamento.PresentationRazor\Aiko.GestEquipamento.PresentationRazor.csproj", "{BFD4E521-6C69-4258-B783-B8C096A22C80}"
EndProject
Global
	GlobalSection(SolutionConfigurationPlatforms) = preSolution
		Debug|Any CPU = Debug|Any CPU
		Release|Any CPU = Release|Any CPU
	EndGlobalSection
	GlobalSection(ProjectConfigurationPlatforms) = postSolution
		{6B4DE4EB-9315-462C-864D-D3373F8DD0EF}.Debug|Any CPU.ActiveCfg = Debug|Any CPU
		{6B4DE4EB-9315-462C-864D-D3373F8DD0EF}.Debug|Any CPU.Build.0 = Debug|Any CPU
		{6B4DE4EB-9315-462C-864D-D3373F8DD0EF}.Release|Any CPU.ActiveCfg = Release|Any CPU
		{6B4DE4EB-9315-462C-864D-D3373F8DD0EF}.Release|Any CPU.Build.0 = Release|Any CPU
		{C256231C-2ED5-4E16-AD7F-437859AAE924}.Debug|Any CPU.ActiveCfg = Debug|Any CPU
		{C256231C-2ED5-4E16-AD7F-437859AAE924}.Debug|Any CPU.Build.0 = Debug|Any CPU
		{C256231C-2ED5-4E16-AD7F-437859AAE924}.Release|Any CPU.ActiveCfg = Release|Any CPU
		{C256231C-2ED5-4E16-AD7F-437859AAE924}.Release|Any CPU.Build.0 = Release|Any CPU
		{CF442EC2-2F21-4103-910D-D5EECBE23CD4}.Debug|Any CPU.ActiveCfg = Debug|Any CPU
		{CF442EC2-2F21-4103-910D-D5EECBE23CD4}.Debug|Any CPU.Build.0 = Debug|Any CPU
		{CF442EC2-2F21-4103-910D-D5EECBE23CD4}.Release|Any CPU.ActiveCfg = Release|Any CPU
		{CF442EC2-2F21-4103-910D-D5EECBE23CD4}.Release|Any CPU.Build.0 = Release|Any CPU
		{022AA3AC-3E48-44F7-90C0-B8BAFF3C9A8F}.Debug|Any CPU.ActiveCfg = Debug|Any CPU
		{022AA3AC-3E48-44F7-90C0-B8BAFF3C9A8F}.Debug|Any CPU.Build.0 = Debug|Any CPU
		{022AA3AC-3E48-44F7-90C0-B8BAFF3C9A8F}.Release|Any CPU.ActiveCfg = Release|Any CPU
		{022AA3AC-3E48-44F7-90C0-B8BAFF3C9A8F}.Release|Any CPU.Build.0 = Release|Any CPU
		{BFD4E521-6C69-4258-B783-B8C096A22C80}.Debug|Any CPU.ActiveCfg = Debug|Any CPU
		{BFD4E521-6C69-4258-B783-B8C096A22C80}.Debug|Any CPU.Build.0 = Debug|Any CPU
		{BFD4E521-6C69-4258-B783-B8C096A22C80}.Release|Any CPU.ActiveCfg = Release|Any CPU
		{BFD4E521-6C69-4258-B783-B8C096A22C80}.Release|Any CPU.Build.0 = Release|Any CPU
	EndGlobalSection
	GlobalSection(SolutionProperties) = preSolution
		HideSolutionNode = FALSE
	EndGlobalSection
	GlobalSection(ExtensibilityGlobals) = postSolution
		SolutionGuid = {5BADD1B4-A7E1-4853-9327-EAF928FA7D11}
	EndGlobalSection
EndGlobal
